
Microsoft Visual Studio Solution File, Format Version 12.00
# Visual Studio Version 16
VisualStudioVersion = 16.0.31624.102
MinimumVisualStudioVersion = 10.0.40219.1
Project("{FAE04EC0-301F-11D3-BF4B-00C04F79EFBC}") = "CoreWebAPI", "CoreWebAPI\CoreWebAPI.csproj", "{7BEAFBC2-3606-4519-AC46-A651920E4B27}"
EndProject
Global
	GlobalSection(SolutionConfigurationPlatforms) = preSolution
		Debug|Any CPU = Debug|Any CPU
		Release|Any CPU = Release|Any CPU
	EndGlobalSection
	GlobalSection(ProjectConfigurationPlatforms) = postSolution
		{7BEAFBC2-3606-4519-AC46-A651920E4B27}.Debug|Any CPU.ActiveCfg = Debug|Any CPU
		{7BEAFBC2-3606-4519-AC46-A651920E4B27}.Debug|Any CPU.Build.0 = Debug|Any CPU
		{7BEAFBC2-3606-4519-AC46-A651920E4B27}.Release|Any CPU.ActiveCfg = Release|Any CPU
		{7BEAFBC2-3606-4519-AC46-A651920E4B27}.Release|Any CPU.Build.0 = Release|Any CPU
	EndGlobalSection
	GlobalSection(SolutionProperties) = preSolution
		HideSolutionNode = FALSE
	EndGlobalSection
	GlobalSection(ExtensibilityGlobals) = postSolution
		SolutionGuid = {A025637C-2DDC-403C-B1F5-486730D5939D}
	EndGlobalSection
EndGlobal
